
Microsoft Visual Studio Solution File, Format Version 12.00
# Visual Studio Version 17
VisualStudioVersion = 17.9.34723.18
MinimumVisualStudioVersion = 10.0.40219.1
Project("{FAE04EC0-301F-11D3-BF4B-00C04F79EFBC}") = "ConsoleAppXAML", "ConsoleAppXAML\ConsoleAppXAML.csproj", "{03C997BE-DB65-40F7-8DED-AB10968321B1}"
EndProject
Project("{9A19103F-16F7-4668-BE54-9A1E7A4F7556}") = "WpfApp1", "WpfApp1\WpfApp1.csproj", "{0D14610A-FBC8-4E2D-82CC-923239692121}"
EndProject
Project("{FAE04EC0-301F-11D3-BF4B-00C04F79EFBC}") = "UWPApp1", "UWPApp1\UWPApp1.csproj", "{69B55512-23DA-4DF0-AE44-B3842599C55B}"
EndProject
Project("{9A19103F-16F7-4668-BE54-9A1E7A4F7556}") = "ConsoleAppXAMLDataLib", "ConsoleAppXAMLDataLib\ConsoleAppXAMLDataLib.csproj", "{D358ACC7-B83B-4E32-9990-E9217E719DD0}"
EndProject
Project("{FAE04EC0-301F-11D3-BF4B-00C04F79EFBC}") = "ConsoleAppXAMLDataLib1", "ConsoleAppXAMLDataLib1\ConsoleAppXAMLDataLib1.csproj", "{60D6281B-87DE-4984-A88D-1B05AE30B2D9}"
EndProject
Project("{FAE04EC0-301F-11D3-BF4B-00C04F79EFBC}") = "UWPApp2", "UWPApp2\UWPApp2.csproj", "{C4C2703B-D10A-4ACC-9BCA-4C134683A3F8}"
EndProject
Project("{FAE04EC0-301F-11D3-BF4B-00C04F79EFBC}") = "UWPApp3MarkupExtension", "UWPApp3\UWPApp3MarkupExtension.csproj", "{95A659C1-49D8-494E-8F0F-60BA373DB5D2}"
EndProject
Project("{FAE04EC0-301F-11D3-BF4B-00C04F79EFBC}") = "WpfApp2MarkupExtension", "WpfApp2MarkupExtension\WpfApp2MarkupExtension.csproj", "{6959597A-7D20-43DD-BF2F-0846E49582B2}"
EndProject
Global
	GlobalSection(SolutionConfigurationPlatforms) = preSolution
		Debug|Any CPU = Debug|Any CPU
		Debug|ARM = Debug|ARM
		Debug|ARM64 = Debug|ARM64
		Debug|x64 = Debug|x64
		Debug|x86 = Debug|x86
		Release|Any CPU = Release|Any CPU
		Release|ARM = Release|ARM
		Release|ARM64 = Release|ARM64
		Release|x64 = Release|x64
		Release|x86 = Release|x86
	EndGlobalSection
	GlobalSection(ProjectConfigurationPlatforms) = postSolution
		{03C997BE-DB65-40F7-8DED-AB10968321B1}.Debug|Any CPU.ActiveCfg = Debug|Any CPU
		{03C997BE-DB65-40F7-8DED-AB10968321B1}.Debug|Any CPU.Build.0 = Debug|Any CPU
		{03C997BE-DB65-40F7-8DED-AB10968321B1}.Debug|ARM.ActiveCfg = Debug|Any CPU
		{03C997BE-DB65-40F7-8DED-AB10968321B1}.Debug|ARM.Build.0 = Debug|Any CPU
		{03C997BE-DB65-40F7-8DED-AB10968321B1}.Debug|ARM64.ActiveCfg = Debug|Any CPU
		{03C997BE-DB65-40F7-8DED-AB10968321B1}.Debug|ARM64.Build.0 = Debug|Any CPU
		{03C997BE-DB65-40F7-8DED-AB10968321B1}.Debug|x64.ActiveCfg = Debug|Any CPU
		{03C997BE-DB65-40F7-8DED-AB10968321B1}.Debug|x64.Build.0 = Debug|Any CPU
		{03C997BE-DB65-40F7-8DED-AB10968321B1}.Debug|x86.ActiveCfg = Debug|Any CPU
		{03C997BE-DB65-40F7-8DED-AB10968321B1}.Debug|x86.Build.0 = Debug|Any CPU
		{03C997BE-DB65-40F7-8DED-AB10968321B1}.Release|Any CPU.ActiveCfg = Release|Any CPU
		{03C997BE-DB65-40F7-8DED-AB10968321B1}.Release|Any CPU.Build.0 = Release|Any CPU
		{03C997BE-DB65-40F7-8DED-AB10968321B1}.Release|ARM.ActiveCfg = Release|Any CPU
		{03C997BE-DB65-40F7-8DED-AB10968321B1}.Release|ARM.Build.0 = Release|Any CPU
		{03C997BE-DB65-40F7-8DED-AB10968321B1}.Release|ARM64.ActiveCfg = Release|Any CPU
		{03C997BE-DB65-40F7-8DED-AB10968321B1}.Release|ARM64.Build.0 = Release|Any CPU
		{03C997BE-DB65-40F7-8DED-AB10968321B1}.Release|x64.ActiveCfg = Release|Any CPU
		{03C997BE-DB65-40F7-8DED-AB10968321B1}.Release|x64.Build.0 = Release|Any CPU
		{03C997BE-DB65-40F7-8DED-AB10968321B1}.Release|x86.ActiveCfg = Release|Any CPU
		{03C997BE-DB65-40F7-8DED-AB10968321B1}.Release|x86.Build.0 = Release|Any CPU
		{0D14610A-FBC8-4E2D-82CC-923239692121}.Debug|Any CPU.ActiveCfg = Debug|Any CPU
		{0D14610A-FBC8-4E2D-82CC-923239692121}.Debug|Any CPU.Build.0 = Debug|Any CPU
		{0D14610A-FBC8-4E2D-82CC-923239692121}.Debug|ARM.ActiveCfg = Debug|Any CPU
		{0D14610A-FBC8-4E2D-82CC-923239692121}.Debug|ARM.Build.0 = Debug|Any CPU
		{0D14610A-FBC8-4E2D-82CC-923239692121}.Debug|ARM64.ActiveCfg = Debug|Any CPU
		{0D14610A-FBC8-4E2D-82CC-923239692121}.Debug|ARM64.Build.0 = Debug|Any CPU
		{0D14610A-FBC8-4E2D-82CC-923239692121}.Debug|x64.ActiveCfg = Debug|Any CPU
		{0D14610A-FBC8-4E2D-82CC-923239692121}.Debug|x64.Build.0 = Debug|Any CPU
		{0D14610A-FBC8-4E2D-82CC-923239692121}.Debug|x86.ActiveCfg = Debug|Any CPU
		{0D14610A-FBC8-4E2D-82CC-923239692121}.Debug|x86.Build.0 = Debug|Any CPU
		{0D14610A-FBC8-4E2D-82CC-923239692121}.Release|Any CPU.ActiveCfg = Release|Any CPU
		{0D14610A-FBC8-4E2D-82CC-923239692121}.Release|Any CPU.Build.0 = Release|Any CPU
		{0D14610A-FBC8-4E2D-82CC-923239692121}.Release|ARM.ActiveCfg = Release|Any CPU
		{0D14610A-FBC8-4E2D-82CC-923239692121}.Release|ARM.Build.0 = Release|Any CPU
		{0D14610A-FBC8-4E2D-82CC-923239692121}.Release|ARM64.ActiveCfg = Release|Any CPU
		{0D14610A-FBC8-4E2D-82CC-923239692121}.Release|ARM64.Build.0 = Release|Any CPU
		{0D14610A-FBC8-4E2D-82CC-923239692121}.Release|x64.ActiveCfg = Release|Any CPU
		{0D14610A-FBC8-4E2D-82CC-923239692121}.Release|x64.Build.0 = Release|Any CPU
		{0D14610A-FBC8-4E2D-82CC-923239692121}.Release|x86.ActiveCfg = Release|Any CPU
		{0D14610A-FBC8-4E2D-82CC-923239692121}.Release|x86.Build.0 = Release|Any CPU
		{69B55512-23DA-4DF0-AE44-B3842599C55B}.Debug|Any CPU.ActiveCfg = Debug|x64
		{69B55512-23DA-4DF0-AE44-B3842599C55B}.Debug|Any CPU.Build.0 = Debug|x64
		{69B55512-23DA-4DF0-AE44-B3842599C55B}.Debug|Any CPU.Deploy.0 = Debug|x64
		{69B55512-23DA-4DF0-AE44-B3842599C55B}.Debug|ARM.ActiveCfg = Debug|ARM
		{69B55512-23DA-4DF0-AE44-B3842599C55B}.Debug|ARM.Build.0 = Debug|ARM
		{69B55512-23DA-4DF0-AE44-B3842599C55B}.Debug|ARM.Deploy.0 = Debug|ARM
		{69B55512-23DA-4DF0-AE44-B3842599C55B}.Debug|ARM64.ActiveCfg = Debug|ARM64
		{69B55512-23DA-4DF0-AE44-B3842599C55B}.Debug|ARM64.Build.0 = Debug|ARM64
		{69B55512-23DA-4DF0-AE44-B3842599C55B}.Debug|ARM64.Deploy.0 = Debug|ARM64
		{69B55512-23DA-4DF0-AE44-B3842599C55B}.Debug|x64.ActiveCfg = Debug|x64
		{69B55512-23DA-4DF0-AE44-B3842599C55B}.Debug|x64.Build.0 = Debug|x64
		{69B55512-23DA-4DF0-AE44-B3842599C55B}.Debug|x64.Deploy.0 = Debug|x64
		{69B55512-23DA-4DF0-AE44-B3842599C55B}.Debug|x86.ActiveCfg = Debug|x86
		{69B55512-23DA-4DF0-AE44-B3842599C55B}.Debug|x86.Build.0 = Debug|x86
		{69B55512-23DA-4DF0-AE44-B3842599C55B}.Debug|x86.Deploy.0 = Debug|x86
		{69B55512-23DA-4DF0-AE44-B3842599C55B}.Release|Any CPU.ActiveCfg = Release|x64
		{69B55512-23DA-4DF0-AE44-B3842599C55B}.Release|Any CPU.Build.0 = Release|x64
		{69B55512-23DA-4DF0-AE44-B3842599C55B}.Release|Any CPU.Deploy.0 = Release|x64
		{69B55512-23DA-4DF0-AE44-B3842599C55B}.Release|ARM.ActiveCfg = Release|ARM
		{69B55512-23DA-4DF0-AE44-B3842599C55B}.Release|ARM.Build.0 = Release|ARM
		{69B55512-23DA-4DF0-AE44-B3842599C55B}.Release|ARM.Deploy.0 = Release|ARM
		{69B55512-23DA-4DF0-AE44-B3842599C55B}.Release|ARM64.ActiveCfg = Release|ARM64
		{69B55512-23DA-4DF0-AE44-B3842599C55B}.Release|ARM64.Build.0 = Release|ARM64
		{69B55512-23DA-4DF0-AE44-B3842599C55B}.Release|ARM64.Deploy.0 = Release|ARM64
		{69B55512-23DA-4DF0-AE44-B3842599C55B}.Release|x64.ActiveCfg = Release|x64
		{69B55512-23DA-4DF0-AE44-B3842599C55B}.Release|x64.Build.0 = Release|x64
		{69B55512-23DA-4DF0-AE44-B3842599C55B}.Release|x64.Deploy.0 = Release|x64
		{69B55512-23DA-4DF0-AE44-B3842599C55B}.Release|x86.ActiveCfg = Release|x86
		{69B55512-23DA-4DF0-AE44-B3842599C55B}.Release|x86.Build.0 = Release|x86
		{69B55512-23DA-4DF0-AE44-B3842599C55B}.Release|x86.Deploy.0 = Release|x86
		{D358ACC7-B83B-4E32-9990-E9217E719DD0}.Debug|Any CPU.ActiveCfg = Debug|Any CPU
		{D358ACC7-B83B-4E32-9990-E9217E719DD0}.Debug|Any CPU.Build.0 = Debug|Any CPU
		{D358ACC7-B83B-4E32-9990-E9217E719DD0}.Debug|ARM.ActiveCfg = Debug|Any CPU
		{D358ACC7-B83B-4E32-9990-E9217E719DD0}.Debug|ARM.Build.0 = Debug|Any CPU
		{D358ACC7-B83B-4E32-9990-E9217E719DD0}.Debug|ARM64.ActiveCfg = Debug|Any CPU
		{D358ACC7-B83B-4E32-9990-E9217E719DD0}.Debug|ARM64.Build.0 = Debug|Any CPU
		{D358ACC7-B83B-4E32-9990-E9217E719DD0}.Debug|x64.ActiveCfg = Debug|Any CPU
		{D358ACC7-B83B-4E32-9990-E9217E719DD0}.Debug|x64.Build.0 = Debug|Any CPU
		{D358ACC7-B83B-4E32-9990-E9217E719DD0}.Debug|x86.ActiveCfg = Debug|Any CPU
		{D358ACC7-B83B-4E32-9990-E9217E719DD0}.Debug|x86.Build.0 = Debug|Any CPU
		{D358ACC7-B83B-4E32-9990-E9217E719DD0}.Release|Any CPU.ActiveCfg = Release|Any CPU
		{D358ACC7-B83B-4E32-9990-E9217E719DD0}.Release|Any CPU.Build.0 = Release|Any CPU
		{D358ACC7-B83B-4E32-9990-E9217E719DD0}.Release|ARM.ActiveCfg = Release|Any CPU
		{D358ACC7-B83B-4E32-9990-E9217E719DD0}.Release|ARM.Build.0 = Release|Any CPU
		{D358ACC7-B83B-4E32-9990-E9217E719DD0}.Release|ARM64.ActiveCfg = Release|Any CPU
		{D358ACC7-B83B-4E32-9990-E9217E719DD0}.Release|ARM64.Build.0 = Release|Any CPU
		{D358ACC7-B83B-4E32-9990-E9217E719DD0}.Release|x64.ActiveCfg = Release|Any CPU
		{D358ACC7-B83B-4E32-9990-E9217E719DD0}.Release|x64.Build.0 = Release|Any CPU
		{D358ACC7-B83B-4E32-9990-E9217E719DD0}.Release|x86.ActiveCfg = Release|Any CPU
		{D358ACC7-B83B-4E32-9990-E9217E719DD0}.Release|x86.Build.0 = Release|Any CPU
		{60D6281B-87DE-4984-A88D-1B05AE30B2D9}.Debug|Any CPU.ActiveCfg = Debug|Any CPU
		{60D6281B-87DE-4984-A88D-1B05AE30B2D9}.Debug|Any CPU.Build.0 = Debug|Any CPU
		{60D6281B-87DE-4984-A88D-1B05AE30B2D9}.Debug|ARM.ActiveCfg = Debug|ARM
		{60D6281B-87DE-4984-A88D-1B05AE30B2D9}.Debug|ARM.Build.0 = Debug|ARM
		{60D6281B-87DE-4984-A88D-1B05AE30B2D9}.Debug|ARM64.ActiveCfg = Debug|ARM64
		{60D6281B-87DE-4984-A88D-1B05AE30B2D9}.Debug|ARM64.Build.0 = Debug|ARM64
		{60D6281B-87DE-4984-A88D-1B05AE30B2D9}.Debug|x64.ActiveCfg = Debug|x64
		{60D6281B-87DE-4984-A88D-1B05AE30B2D9}.Debug|x64.Build.0 = Debug|x64
		{60D6281B-87DE-4984-A88D-1B05AE30B2D9}.Debug|x86.ActiveCfg = Debug|x86
		{60D6281B-87DE-4984-A88D-1B05AE30B2D9}.Debug|x86.Build.0 = Debug|x86
		{60D6281B-87DE-4984-A88D-1B05AE30B2D9}.Release|Any CPU.ActiveCfg = Release|Any CPU
		{60D6281B-87DE-4984-A88D-1B05AE30B2D9}.Release|Any CPU.Build.0 = Release|Any CPU
		{60D6281B-87DE-4984-A88D-1B05AE30B2D9}.Release|ARM.ActiveCfg = Release|ARM
		{60D6281B-87DE-4984-A88D-1B05AE30B2D9}.Release|ARM.Build.0 = Release|ARM
		{60D6281B-87DE-4984-A88D-1B05AE30B2D9}.Release|ARM64.ActiveCfg = Release|ARM64
		{60D6281B-87DE-4984-A88D-1B05AE30B2D9}.Release|ARM64.Build.0 = Release|ARM64
		{60D6281B-87DE-4984-A88D-1B05AE30B2D9}.Release|x64.ActiveCfg = Release|x64
		{60D6281B-87DE-4984-A88D-1B05AE30B2D9}.Release|x64.Build.0 = Release|x64
		{60D6281B-87DE-4984-A88D-1B05AE30B2D9}.Release|x86.ActiveCfg = Release|x86
		{60D6281B-87DE-4984-A88D-1B05AE30B2D9}.Release|x86.Build.0 = Release|x86
		{C4C2703B-D10A-4ACC-9BCA-4C134683A3F8}.Debug|Any CPU.ActiveCfg = Debug|x64
		{C4C2703B-D10A-4ACC-9BCA-4C134683A3F8}.Debug|Any CPU.Build.0 = Debug|x64
		{C4C2703B-D10A-4ACC-9BCA-4C134683A3F8}.Debug|Any CPU.Deploy.0 = Debug|x64
		{C4C2703B-D10A-4ACC-9BCA-4C134683A3F8}.Debug|ARM.ActiveCfg = Debug|ARM
		{C4C2703B-D10A-4ACC-9BCA-4C134683A3F8}.Debug|ARM.Build.0 = Debug|ARM
		{C4C2703B-D10A-4ACC-9BCA-4C134683A3F8}.Debug|ARM.Deploy.0 = Debug|ARM
		{C4C2703B-D10A-4ACC-9BCA-4C134683A3F8}.Debug|ARM64.ActiveCfg = Debug|ARM64
		{C4C2703B-D10A-4ACC-9BCA-4C134683A3F8}.Debug|ARM64.Build.0 = Debug|ARM64
		{C4C2703B-D10A-4ACC-9BCA-4C134683A3F8}.Debug|ARM64.Deploy.0 = Debug|ARM64
		{C4C2703B-D10A-4ACC-9BCA-4C134683A3F8}.Debug|x64.ActiveCfg = Debug|x64
		{C4C2703B-D10A-4ACC-9BCA-4C134683A3F8}.Debug|x64.Build.0 = Debug|x64
		{C4C2703B-D10A-4ACC-9BCA-4C134683A3F8}.Debug|x64.Deploy.0 = Debug|x64
		{C4C2703B-D10A-4ACC-9BCA-4C134683A3F8}.Debug|x86.ActiveCfg = Debug|x86
		{C4C2703B-D10A-4ACC-9BCA-4C134683A3F8}.Debug|x86.Build.0 = Debug|x86
		{C4C2703B-D10A-4ACC-9BCA-4C134683A3F8}.Debug|x86.Deploy.0 = Debug|x86
		{C4C2703B-D10A-4ACC-9BCA-4C134683A3F8}.Release|Any CPU.ActiveCfg = Release|x64
		{C4C2703B-D10A-4ACC-9BCA-4C134683A3F8}.Release|Any CPU.Build.0 = Release|x64
		{C4C2703B-D10A-4ACC-9BCA-4C134683A3F8}.Release|Any CPU.Deploy.0 = Release|x64
		{C4C2703B-D10A-4ACC-9BCA-4C134683A3F8}.Release|ARM.ActiveCfg = Release|ARM
		{C4C2703B-D10A-4ACC-9BCA-4C134683A3F8}.Release|ARM.Build.0 = Release|ARM
		{C4C2703B-D10A-4ACC-9BCA-4C134683A3F8}.Release|ARM.Deploy.0 = Release|ARM
		{C4C2703B-D10A-4ACC-9BCA-4C134683A3F8}.Release|ARM64.ActiveCfg = Release|ARM64
		{C4C2703B-D10A-4ACC-9BCA-4C134683A3F8}.Release|ARM64.Build.0 = Release|ARM64
		{C4C2703B-D10A-4ACC-9BCA-4C134683A3F8}.Release|ARM64.Deploy.0 = Release|ARM64
		{C4C2703B-D10A-4ACC-9BCA-4C134683A3F8}.Release|x64.ActiveCfg = Release|x64
		{C4C2703B-D10A-4ACC-9BCA-4C134683A3F8}.Release|x64.Build.0 = Release|x64
		{C4C2703B-D10A-4ACC-9BCA-4C134683A3F8}.Release|x64.Deploy.0 = Release|x64
		{C4C2703B-D10A-4ACC-9BCA-4C134683A3F8}.Release|x86.ActiveCfg = Release|x86
		{C4C2703B-D10A-4ACC-9BCA-4C134683A3F8}.Release|x86.Build.0 = Release|x86
		{C4C2703B-D10A-4ACC-9BCA-4C134683A3F8}.Release|x86.Deploy.0 = Release|x86
		{95A659C1-49D8-494E-8F0F-60BA373DB5D2}.Debug|Any CPU.ActiveCfg = Debug|x64
		{95A659C1-49D8-494E-8F0F-60BA373DB5D2}.Debug|Any CPU.Build.0 = Debug|x64
		{95A659C1-49D8-494E-8F0F-60BA373DB5D2}.Debug|Any CPU.Deploy.0 = Debug|x64
		{95A659C1-49D8-494E-8F0F-60BA373DB5D2}.Debug|ARM.ActiveCfg = Debug|ARM
		{95A659C1-49D8-494E-8F0F-60BA373DB5D2}.Debug|ARM.Build.0 = Debug|ARM
		{95A659C1-49D8-494E-8F0F-60BA373DB5D2}.Debug|ARM.Deploy.0 = Debug|ARM
		{95A659C1-49D8-494E-8F0F-60BA373DB5D2}.Debug|ARM64.ActiveCfg = Debug|ARM64
		{95A659C1-49D8-494E-8F0F-60BA373DB5D2}.Debug|ARM64.Build.0 = Debug|ARM64
		{95A659C1-49D8-494E-8F0F-60BA373DB5D2}.Debug|ARM64.Deploy.0 = Debug|ARM64
		{95A659C1-49D8-494E-8F0F-60BA373DB5D2}.Debug|x64.ActiveCfg = Debug|x64
		{95A659C1-49D8-494E-8F0F-60BA373DB5D2}.Debug|x64.Build.0 = Debug|x64
		{95A659C1-49D8-494E-8F0F-60BA373DB5D2}.Debug|x64.Deploy.0 = Debug|x64
		{95A659C1-49D8-494E-8F0F-60BA373DB5D2}.Debug|x86.ActiveCfg = Debug|x86
		{95A659C1-49D8-494E-8F0F-60BA373DB5D2}.Debug|x86.Build.0 = Debug|x86
		{95A659C1-49D8-494E-8F0F-60BA373DB5D2}.Debug|x86.Deploy.0 = Debug|x86
		{95A659C1-49D8-494E-8F0F-60BA373DB5D2}.Release|Any CPU.ActiveCfg = Release|x64
		{95A659C1-49D8-494E-8F0F-60BA373DB5D2}.Release|Any CPU.Build.0 = Release|x64
		{95A659C1-49D8-494E-8F0F-60BA373DB5D2}.Release|Any CPU.Deploy.0 = Release|x64
		{95A659C1-49D8-494E-8F0F-60BA373DB5D2}.Release|ARM.ActiveCfg = Release|ARM
		{95A659C1-49D8-494E-8F0F-60BA373DB5D2}.Release|ARM.Build.0 = Release|ARM
		{95A659C1-49D8-494E-8F0F-60BA373DB5D2}.Release|ARM.Deploy.0 = Release|ARM
		{95A659C1-49D8-494E-8F0F-60BA373DB5D2}.Release|ARM64.ActiveCfg = Release|ARM64
		{95A659C1-49D8-494E-8F0F-60BA373DB5D2}.Release|ARM64.Build.0 = Release|ARM64
		{95A659C1-49D8-494E-8F0F-60BA373DB5D2}.Release|ARM64.Deploy.0 = Release|ARM64
		{95A659C1-49D8-494E-8F0F-60BA373DB5D2}.Release|x64.ActiveCfg = Release|x64
		{95A659C1-49D8-494E-8F0F-60BA373DB5D2}.Release|x64.Build.0 = Release|x64
		{95A659C1-49D8-494E-8F0F-60BA373DB5D2}.Release|x64.Deploy.0 = Release|x64
		{95A659C1-49D8-494E-8F0F-60BA373DB5D2}.Release|x86.ActiveCfg = Release|x86
		{95A659C1-49D8-494E-8F0F-60BA373DB5D2}.Release|x86.Build.0 = Release|x86
		{95A659C1-49D8-494E-8F0F-60BA373DB5D2}.Release|x86.Deploy.0 = Release|x86
		{6959597A-7D20-43DD-BF2F-0846E49582B2}.Debug|Any CPU.ActiveCfg = Debug|Any CPU
		{6959597A-7D20-43DD-BF2F-0846E49582B2}.Debug|Any CPU.Build.0 = Debug|Any CPU
		{6959597A-7D20-43DD-BF2F-0846E49582B2}.Debug|ARM.ActiveCfg = Debug|Any CPU
		{6959597A-7D20-43DD-BF2F-0846E49582B2}.Debug|ARM.Build.0 = Debug|Any CPU
		{6959597A-7D20-43DD-BF2F-0846E49582B2}.Debug|ARM64.ActiveCfg = Debug|Any CPU
		{6959597A-7D20-43DD-BF2F-0846E49582B2}.Debug|ARM64.Build.0 = Debug|Any CPU
		{6959597A-7D20-43DD-BF2F-0846E49582B2}.Debug|x64.ActiveCfg = Debug|Any CPU
		{6959597A-7D20-43DD-BF2F-0846E49582B2}.Debug|x64.Build.0 = Debug|Any CPU
		{6959597A-7D20-43DD-BF2F-0846E49582B2}.Debug|x86.ActiveCfg = Debug|Any CPU
		{6959597A-7D20-43DD-BF2F-0846E49582B2}.Debug|x86.Build.0 = Debug|Any CPU
		{6959597A-7D20-43DD-BF2F-0846E49582B2}.Release|Any CPU.ActiveCfg = Release|Any CPU
		{6959597A-7D20-43DD-BF2F-0846E49582B2}.Release|Any CPU.Build.0 = Release|Any CPU
		{6959597A-7D20-43DD-BF2F-0846E49582B2}.Release|ARM.ActiveCfg = Release|Any CPU
		{6959597A-7D20-43DD-BF2F-0846E49582B2}.Release|ARM.Build.0 = Release|Any CPU
		{6959597A-7D20-43DD-BF2F-0846E49582B2}.Release|ARM64.ActiveCfg = Release|Any CPU
		{6959597A-7D20-43DD-BF2F-0846E49582B2}.Release|ARM64.Build.0 = Release|Any CPU
		{6959597A-7D20-43DD-BF2F-0846E49582B2}.Release|x64.ActiveCfg = Release|Any CPU
		{6959597A-7D20-43DD-BF2F-0846E49582B2}.Release|x64.Build.0 = Release|Any CPU
		{6959597A-7D20-43DD-BF2F-0846E49582B2}.Release|x86.ActiveCfg = Release|Any CPU
		{6959597A-7D20-43DD-BF2F-0846E49582B2}.Release|x86.Build.0 = Release|Any CPU
	EndGlobalSection
	GlobalSection(SolutionProperties) = preSolution
		HideSolutionNode = FALSE
	EndGlobalSection
	GlobalSection(ExtensibilityGlobals) = postSolution
		SolutionGuid = {1D92B528-28EA-4014-ACCF-48FDF2CAA186}
	EndGlobalSection
EndGlobal
